// !$*UTF8*$!
{
	archiveVersion = 1;
	classes = {
	};
	objectVersion = 56;
	objects = {

/* Begin PBXBuildFile section */
		393AEA1B2C49F780002B027D /* VolumeLimiterApp.swift in Sources */ = {isa = PBXBuildFile; fileRef = 393AEA1A2C49F780002B027D /* VolumeLimiterApp.swift */; };
		393AEA1D2C49F780002B027D /* ContentView.swift in Sources */ = {isa = PBXBuildFile; fileRef = 393AEA1C2C49F780002B027D /* ContentView.swift */; };
		393AEA1F2C49F784002B027D /* Assets.xcassets in Resources */ = {isa = PBXBuildFile; fileRef = 393AEA1E2C49F784002B027D /* Assets.xcassets */; };
		393AEA222C49F784002B027D /* Preview Assets.xcassets in Resources */ = {isa = PBXBuildFile; fileRef = 393AEA212C49F784002B027D /* Preview Assets.xcassets */; };
		393AEA2C2C49F784002B027D /* VolumeLimiterTests.swift in Sources */ = {isa = PBXBuildFile; fileRef = 393AEA2B2C49F784002B027D /* VolumeLimiterTests.swift */; };
		393AEA362C49F784002B027D /* VolumeLimiterUITests.swift in Sources */ = {isa = PBXBuildFile; fileRef = 393AEA352C49F784002B027D /* VolumeLimiterUITests.swift */; };
		393AEA382C49F784002B027D /* VolumeLimiterUITestsLaunchTests.swift in Sources */ = {isa = PBXBuildFile; fileRef = 393AEA372C49F784002B027D /* VolumeLimiterUITestsLaunchTests.swift */; };
/* End PBXBuildFile section */

/* Begin PBXContainerItemProxy section */
		393AEA282C49F784002B027D /* PBXContainerItemProxy */ = {
			isa = PBXContainerItemProxy;
			containerPortal = 393AEA0F2C49F780002B027D /* Project object */;
			proxyType = 1;
			remoteGlobalIDString = 393AEA162C49F780002B027D;
			remoteInfo = VolumeLimiter;
		};
		393AEA322C49F784002B027D /* PBXContainerItemProxy */ = {
			isa = PBXContainerItemProxy;
			containerPortal = 393AEA0F2C49F780002B027D /* Project object */;
			proxyType = 1;
			remoteGlobalIDString = 393AEA162C49F780002B027D;
			remoteInfo = VolumeLimiter;
		};
/* End PBXContainerItemProxy section */

/* Begin PBXFileReference section */
		393AEA172C49F780002B027D /* VolumeLimiter.app */ = {isa = PBXFileReference; explicitFileType = wrapper.application; includeInIndex = 0; path = VolumeLimiter.app; sourceTree = BUILT_PRODUCTS_DIR; };
		393AEA1A2C49F780002B027D /* VolumeLimiterApp.swift */ = {isa = PBXFileReference; lastKnownFileType = sourcecode.swift; path = VolumeLimiterApp.swift; sourceTree = "<group>"; };
		393AEA1C2C49F780002B027D /* ContentView.swift */ = {isa = PBXFileReference; lastKnownFileType = sourcecode.swift; path = ContentView.swift; sourceTree = "<group>"; };
		393AEA1E2C49F784002B027D /* Assets.xcassets */ = {isa = PBXFileReference; lastKnownFileType = folder.assetcatalog; path = Assets.xcassets; sourceTree = "<group>"; };
		393AEA212C49F784002B027D /* Preview Assets.xcassets */ = {isa = PBXFileReference; lastKnownFileType = folder.assetcatalog; path = "Preview Assets.xcassets"; sourceTree = "<group>"; };
		393AEA272C49F784002B027D /* VolumeLimiterTests.xctest */ = {isa = PBXFileReference; explicitFileType = wrapper.cfbundle; includeInIndex = 0; path = VolumeLimiterTests.xctest; sourceTree = BUILT_PRODUCTS_DIR; };
		393AEA2B2C49F784002B027D /* VolumeLimiterTests.swift */ = {isa = PBXFileReference; lastKnownFileType = sourcecode.swift; path = VolumeLimiterTests.swift; sourceTree = "<group>"; };
		393AEA312C49F784002B027D /* VolumeLimiterUITests.xctest */ = {isa = PBXFileReference; explicitFileType = wrapper.cfbundle; includeInIndex = 0; path = VolumeLimiterUITests.xctest; sourceTree = BUILT_PRODUCTS_DIR; };
		393AEA352C49F784002B027D /* VolumeLimiterUITests.swift */ = {isa = PBXFileReference; lastKnownFileType = sourcecode.swift; path = VolumeLimiterUITests.swift; sourceTree = "<group>"; };
		393AEA372C49F784002B027D /* VolumeLimiterUITestsLaunchTests.swift */ = {isa = PBXFileReference; lastKnownFileType = sourcecode.swift; path = VolumeLimiterUITestsLaunchTests.swift; sourceTree = "<group>"; };
/* End PBXFileReference section */

/* Begin PBXFrameworksBuildPhase section */
		393AEA142C49F780002B027D /* Frameworks */ = {
			isa = PBXFrameworksBuildPhase;
			buildActionMask = 2147483647;
			files = (
			);
			runOnlyForDeploymentPostprocessing = 0;
		};
		393AEA242C49F784002B027D /* Frameworks */ = {
			isa = PBXFrameworksBuildPhase;
			buildActionMask = 2147483647;
			files = (
			);
			runOnlyForDeploymentPostprocessing = 0;
		};
		393AEA2E2C49F784002B027D /* Frameworks */ = {
			isa = PBXFrameworksBuildPhase;
			buildActionMask = 2147483647;
			files = (
			);
			runOnlyForDeploymentPostprocessing = 0;
		};
/* End PBXFrameworksBuildPhase section */

/* Begin PBXGroup section */
		393AEA0E2C49F780002B027D = {
			isa = PBXGroup;
			children = (
				393AEA192C49F780002B027D /* VolumeLimiter */,
				393AEA2A2C49F784002B027D /* VolumeLimiterTests */,
				393AEA342C49F784002B027D /* VolumeLimiterUITests */,
				393AEA182C49F780002B027D /* Products */,
			);
			sourceTree = "<group>";
		};
		393AEA182C49F780002B027D /* Products */ = {
			isa = PBXGroup;
			children = (
				393AEA172C49F780002B027D /* VolumeLimiter.app */,
				393AEA272C49F784002B027D /* VolumeLimiterTests.xctest */,
				393AEA312C49F784002B027D /* VolumeLimiterUITests.xctest */,
			);
			name = Products;
			sourceTree = "<group>";
		};
		393AEA192C49F780002B027D /* VolumeLimiter */ = {
			isa = PBXGroup;
			children = (
				393AEA1A2C49F780002B027D /* VolumeLimiterApp.swift */,
				393AEA1C2C49F780002B027D /* ContentView.swift */,
				393AEA1E2C49F784002B027D /* Assets.xcassets */,
				393AEA202C49F784002B027D /* Preview Content */,
			);
			path = VolumeLimiter;
			sourceTree = "<group>";
		};
		393AEA202C49F784002B027D /* Preview Content */ = {
			isa = PBXGroup;
			children = (
				393AEA212C49F784002B027D /* Preview Assets.xcassets */,
			);
			path = "Preview Content";
			sourceTree = "<group>";
		};
		393AEA2A2C49F784002B027D /* VolumeLimiterTests */ = {
			isa = PBXGroup;
			children = (
				393AEA2B2C49F784002B027D /* VolumeLimiterTests.swift */,
			);
			path = VolumeLimiterTests;
			sourceTree = "<group>";
		};
		393AEA342C49F784002B027D /* VolumeLimiterUITests */ = {
			isa = PBXGroup;
			children = (
				393AEA352C49F784002B027D /* VolumeLimiterUITests.swift */,
				393AEA372C49F784002B027D /* VolumeLimiterUITestsLaunchTests.swift */,
			);
			path = VolumeLimiterUITests;
			sourceTree = "<group>";
		};
/* End PBXGroup section */

/* Begin PBXNativeTarget section */
		393AEA162C49F780002B027D /* VolumeLimiter */ = {
			isa = PBXNativeTarget;
			buildConfigurationList = 393AEA3B2C49F784002B027D /* Build configuration list for PBXNativeTarget "VolumeLimiter" */;
			buildPhases = (
				393AEA132C49F780002B027D /* Sources */,
				393AEA142C49F780002B027D /* Frameworks */,
				393AEA152C49F780002B027D /* Resources */,
			);
			buildRules = (
			);
			dependencies = (
			);
			name = VolumeLimiter;
			productName = VolumeLimiter;
			productReference = 393AEA172C49F780002B027D /* VolumeLimiter.app */;
			productType = "com.apple.product-type.application";
		};
		393AEA262C49F784002B027D /* VolumeLimiterTests */ = {
			isa = PBXNativeTarget;
			buildConfigurationList = 393AEA3E2C49F784002B027D /* Build configuration list for PBXNativeTarget "VolumeLimiterTests" */;
			buildPhases = (
				393AEA232C49F784002B027D /* Sources */,
				393AEA242C49F784002B027D /* Frameworks */,
				393AEA252C49F784002B027D /* Resources */,
			);
			buildRules = (
			);
			dependencies = (
				393AEA292C49F784002B027D /* PBXTargetDependency */,
			);
			name = VolumeLimiterTests;
			productName = VolumeLimiterTests;
			productReference = 393AEA272C49F784002B027D /* VolumeLimiterTests.xctest */;
			productType = "com.apple.product-type.bundle.unit-test";
		};
		393AEA302C49F784002B027D /* VolumeLimiterUITests */ = {
			isa = PBXNativeTarget;
			buildConfigurationList = 393AEA412C49F784002B027D /* Build configuration list for PBXNativeTarget "VolumeLimiterUITests" */;
			buildPhases = (
				393AEA2D2C49F784002B027D /* Sources */,
				393AEA2E2C49F784002B027D /* Frameworks */,
				393AEA2F2C49F784002B027D /* Resources */,
			);
			buildRules = (
			);
			dependencies = (
				393AEA332C49F784002B027D /* PBXTargetDependency */,
			);
			name = VolumeLimiterUITests;
			productName = VolumeLimiterUITests;
			productReference = 393AEA312C49F784002B027D /* VolumeLimiterUITests.xctest */;
			productType = "com.apple.product-type.bundle.ui-testing";
		};
/* End PBXNativeTarget section */

/* Begin PBXProject section */
		393AEA0F2C49F780002B027D /* Project object */ = {
			isa = PBXProject;
			attributes = {
				BuildIndependentTargetsInParallel = 1;
				LastSwiftUpdateCheck = 1540;
				LastUpgradeCheck = 1540;
				TargetAttributes = {
					393AEA162C49F780002B027D = {
						CreatedOnToolsVersion = 15.4;
					};
					393AEA262C49F784002B027D = {
						CreatedOnToolsVersion = 15.4;
						TestTargetID = 393AEA162C49F780002B027D;
					};
					393AEA302C49F784002B027D = {
						CreatedOnToolsVersion = 15.4;
						TestTargetID = 393AEA162C49F780002B027D;
					};
				};
			};
			buildConfigurationList = 393AEA122C49F780002B027D /* Build configuration list for PBXProject "VolumeLimiter" */;
			compatibilityVersion = "Xcode 14.0";
			developmentRegion = en;
			hasScannedForEncodings = 0;
			knownRegions = (
				en,
				Base,
			);
			mainGroup = 393AEA0E2C49F780002B027D;
			productRefGroup = 393AEA182C49F780002B027D /* Products */;
			projectDirPath = "";
			projectRoot = "";
			targets = (
				393AEA162C49F780002B027D /* VolumeLimiter */,
				393AEA262C49F784002B027D /* VolumeLimiterTests */,
				393AEA302C49F784002B027D /* VolumeLimiterUITests */,
			);
		};
/* End PBXProject section */

/* Begin PBXResourcesBuildPhase section */
		393AEA152C49F780002B027D /* Resources */ = {
			isa = PBXResourcesBuildPhase;
			buildActionMask = 2147483647;
			files = (
				393AEA222C49F784002B027D /* Preview Assets.xcassets in Resources */,
				393AEA1F2C49F784002B027D /* Assets.xcassets in Resources */,
			);
			runOnlyForDeploymentPostprocessing = 0;
		};
		393AEA252C49F784002B027D /* Resources */ = {
			isa = PBXResourcesBuildPhase;
			buildActionMask = 2147483647;
			files = (
			);
			runOnlyForDeploymentPostprocessing = 0;
		};
		393AEA2F2C49F784002B027D /* Resources */ = {
			isa = PBXResourcesBuildPhase;
			buildActionMask = 2147483647;
			files = (
			);
			runOnlyForDeploymentPostprocessing = 0;
		};
/* End PBXResourcesBuildPhase section */

/* Begin PBXSourcesBuildPhase section */
		393AEA132C49F780002B027D /* Sources */ = {
			isa = PBXSourcesBuildPhase;
			buildActionMask = 2147483647;
			files = (
				393AEA1D2C49F780002B027D /* ContentView.swift in Sources */,
				393AEA1B2C49F780002B027D /* VolumeLimiterApp.swift in Sources */,
			);
			runOnlyForDeploymentPostprocessing = 0;
		};
		393AEA232C49F784002B027D /* Sources */ = {
			isa = PBXSourcesBuildPhase;
			buildActionMask = 2147483647;
			files = (
				393AEA2C2C49F784002B027D /* VolumeLimiterTests.swift in Sources */,
			);
			runOnlyForDeploymentPostprocessing = 0;
		};
		393AEA2D2C49F784002B027D /* Sources */ = {
			isa = PBXSourcesBuildPhase;
			buildActionMask = 2147483647;
			files = (
				393AEA362C49F784002B027D /* VolumeLimiterUITests.swift in Sources */,
				393AEA382C49F784002B027D /* VolumeLimiterUITestsLaunchTests.swift in Sources */,
			);
			runOnlyForDeploymentPostprocessing = 0;
		};
/* End PBXSourcesBuildPhase section */

/* Begin PBXTargetDependency section */
		393AEA292C49F784002B027D /* PBXTargetDependency */ = {
			isa = PBXTargetDependency;
			target = 393AEA162C49F780002B027D /* VolumeLimiter */;
			targetProxy = 393AEA282C49F784002B027D /* PBXContainerItemProxy */;
		};
		393AEA332C49F784002B027D /* PBXTargetDependency */ = {
			isa = PBXTargetDependency;
			target = 393AEA162C49F780002B027D /* VolumeLimiter */;
			targetProxy = 393AEA322C49F784002B027D /* PBXContainerItemProxy */;
		};
/* End PBXTargetDependency section */

/* Begin XCBuildConfiguration section */
		393AEA392C49F784002B027D /* Debug */ = {
			isa = XCBuildConfiguration;
			buildSettings = {
				ALWAYS_SEARCH_USER_PATHS = NO;
				ASSETCATALOG_COMPILER_GENERATE_SWIFT_ASSET_SYMBOL_EXTENSIONS = YES;
				CLANG_ANALYZER_NONNULL = YES;
				CLANG_ANALYZER_NUMBER_OBJECT_CONVERSION = YES_AGGRESSIVE;
				CLANG_CXX_LANGUAGE_STANDARD = "gnu++20";
				CLANG_ENABLE_MODULES = YES;
				CLANG_ENABLE_OBJC_ARC = YES;
				CLANG_ENABLE_OBJC_WEAK = YES;
				CLANG_WARN_BLOCK_CAPTURE_AUTORELEASING = YES;
				CLANG_WARN_BOOL_CONVERSION = YES;
				CLANG_WARN_COMMA = YES;
				CLANG_WARN_CONSTANT_CONVERSION = YES;
				CLANG_WARN_DEPRECATED_OBJC_IMPLEMENTATIONS = YES;
				CLANG_WARN_DIRECT_OBJC_ISA_USAGE = YES_ERROR;
				CLANG_WARN_DOCUMENTATION_COMMENTS = YES;
				CLANG_WARN_EMPTY_BODY = YES;
				CLANG_WARN_ENUM_CONVERSION = YES;
				CLANG_WARN_INFINITE_RECURSION = YES;
				CLANG_WARN_INT_CONVERSION = YES;
				CLANG_WARN_NON_LITERAL_NULL_CONVERSION = YES;
				CLANG_WARN_OBJC_IMPLICIT_RETAIN_SELF = YES;
				CLANG_WARN_OBJC_LITERAL_CONVERSION = YES;
				CLANG_WARN_OBJC_ROOT_CLASS = YES_ERROR;
				CLANG_WARN_QUOTED_INCLUDE_IN_FRAMEWORK_HEADER = YES;
				CLANG_WARN_RANGE_LOOP_ANALYSIS = YES;
				CLANG_WARN_STRICT_PROTOTYPES = YES;
				CLANG_WARN_SUSPICIOUS_MOVE = YES;
				CLANG_WARN_UNGUARDED_AVAILABILITY = YES_AGGRESSIVE;
				CLANG_WARN_UNREACHABLE_CODE = YES;
				CLANG_WARN__DUPLICATE_METHOD_MATCH = YES;
				COPY_PHASE_STRIP = NO;
				DEBUG_INFORMATION_FORMAT = dwarf;
				ENABLE_STRICT_OBJC_MSGSEND = YES;
				ENABLE_TESTABILITY = YES;
				ENABLE_USER_SCRIPT_SANDBOXING = YES;
				GCC_C_LANGUAGE_STANDARD = gnu17;
				GCC_DYNAMIC_NO_PIC = NO;
				GCC_NO_COMMON_BLOCKS = YES;
				GCC_OPTIMIZATION_LEVEL = 0;
				GCC_PREPROCESSOR_DEFINITIONS = (
					"DEBUG=1",
					"$(inherited)",
				);
				GCC_WARN_64_TO_32_BIT_CONVERSION = YES;
				GCC_WARN_ABOUT_RETURN_TYPE = YES_ERROR;
				GCC_WARN_UNDECLARED_SELECTOR = YES;
				GCC_WARN_UNINITIALIZED_AUTOS = YES_AGGRESSIVE;
				GCC_WARN_UNUSED_FUNCTION = YES;
				GCC_WARN_UNUSED_VARIABLE = YES;
				IPHONEOS_DEPLOYMENT_TARGET = 17.5;
				LOCALIZATION_PREFERS_STRING_CATALOGS = YES;
				MTL_ENABLE_DEBUG_INFO = INCLUDE_SOURCE;
				MTL_FAST_MATH = YES;
				ONLY_ACTIVE_ARCH = YES;
				SDKROOT = iphoneos;
				SWIFT_ACTIVE_COMPILATION_CONDITIONS = "DEBUG $(inherited)";
				SWIFT_OPTIMIZATION_LEVEL = "-Onone";
			};
			name = Debug;
		};
		393AEA3A2C49F784002B027D /* Release */ = {
			isa = XCBuildConfiguration;
			buildSettings = {
				ALWAYS_SEARCH_USER_PATHS = NO;
				ASSETCATALOG_COMPILER_GENERATE_SWIFT_ASSET_SYMBOL_EXTENSIONS = YES;
				CLANG_ANALYZER_NONNULL = YES;
				CLANG_ANALYZER_NUMBER_OBJECT_CONVERSION = YES_AGGRESSIVE;
				CLANG_CXX_LANGUAGE_STANDARD = "gnu++20";
				CLANG_ENABLE_MODULES = YES;
				CLANG_ENABLE_OBJC_ARC = YES;
				CLANG_ENABLE_OBJC_WEAK = YES;
				CLANG_WARN_BLOCK_CAPTURE_AUTORELEASING = YES;
				CLANG_WARN_BOOL_CONVERSION = YES;
				CLANG_WARN_COMMA = YES;
				CLANG_WARN_CONSTANT_CONVERSION = YES;
				CLANG_WARN_DEPRECATED_OBJC_IMPLEMENTATIONS = YES;
				CLANG_WARN_DIRECT_OBJC_ISA_USAGE = YES_ERROR;
				CLANG_WARN_DOCUMENTATION_COMMENTS = YES;
				CLANG_WARN_EMPTY_BODY = YES;
				CLANG_WARN_ENUM_CONVERSION = YES;
				CLANG_WARN_INFINITE_RECURSION = YES;
				CLANG_WARN_INT_CONVERSION = YES;
				CLANG_WARN_NON_LITERAL_NULL_CONVERSION = YES;
				CLANG_WARN_OBJC_IMPLICIT_RETAIN_SELF = YES;
				CLANG_WARN_OBJC_LITERAL_CONVERSION = YES;
				CLANG_WARN_OBJC_ROOT_CLASS = YES_ERROR;
				CLANG_WARN_QUOTED_INCLUDE_IN_FRAMEWORK_HEADER = YES;
				CLANG_WARN_RANGE_LOOP_ANALYSIS = YES;
				CLANG_WARN_STRICT_PROTOTYPES = YES;
				CLANG_WARN_SUSPICIOUS_MOVE = YES;
				CLANG_WARN_UNGUARDED_AVAILABILITY = YES_AGGRESSIVE;
				CLANG_WARN_UNREACHABLE_CODE = YES;
				CLANG_WARN__DUPLICATE_METHOD_MATCH = YES;
				COPY_PHASE_STRIP = NO;
				DEBUG_INFORMATION_FORMAT = "dwarf-with-dsym";
				ENABLE_NS_ASSERTIONS = NO;
				ENABLE_STRICT_OBJC_MSGSEND = YES;
				ENABLE_USER_SCRIPT_SANDBOXING = YES;
				GCC_C_LANGUAGE_STANDARD = gnu17;
				GCC_NO_COMMON_BLOCKS = YES;
				GCC_WARN_64_TO_32_BIT_CONVERSION = YES;
				GCC_WARN_ABOUT_RETURN_TYPE = YES_ERROR;
				GCC_WARN_UNDECLARED_SELECTOR = YES;
				GCC_WARN_UNINITIALIZED_AUTOS = YES_AGGRESSIVE;
				GCC_WARN_UNUSED_FUNCTION = YES;
				GCC_WARN_UNUSED_VARIABLE = YES;
				IPHONEOS_DEPLOYMENT_TARGET = 17.5;
				LOCALIZATION_PREFERS_STRING_CATALOGS = YES;
				MTL_ENABLE_DEBUG_INFO = NO;
				MTL_FAST_MATH = YES;
				SDKROOT = iphoneos;
				SWIFT_COMPILATION_MODE = wholemodule;
				VALIDATE_PRODUCT = YES;
			};
			name = Release;
		};
		393AEA3C2C49F784002B027D /* Debug */ = {
			isa = XCBuildConfiguration;
			buildSettings = {
				ASSETCATALOG_COMPILER_APPICON_NAME = AppIcon;
				ASSETCATALOG_COMPILER_GLOBAL_ACCENT_COLOR_NAME = AccentColor;
				CODE_SIGN_STYLE = Automatic;
				CURRENT_PROJECT_VERSION = 1;
				DEVELOPMENT_ASSET_PATHS = "\"VolumeLimiter/Preview Content\"";
				DEVELOPMENT_TEAM = 8GWZW877KF;
				ENABLE_PREVIEWS = YES;
				GENERATE_INFOPLIST_FILE = YES;
				INFOPLIST_KEY_UIApplicationSceneManifest_Generation = YES;
				INFOPLIST_KEY_UIApplicationSupportsIndirectInputEvents = YES;
				INFOPLIST_KEY_UILaunchScreen_Generation = YES;
				INFOPLIST_KEY_UISupportedInterfaceOrientations_iPad = "UIInterfaceOrientationPortrait UIInterfaceOrientationPortraitUpsideDown UIInterfaceOrientationLandscapeLeft UIInterfaceOrientationLandscapeRight";
				INFOPLIST_KEY_UISupportedInterfaceOrientations_iPhone = "UIInterfaceOrientationPortrait UIInterfaceOrientationLandscapeLeft UIInterfaceOrientationLandscapeRight";
				LD_RUNPATH_SEARCH_PATHS = (
					"$(inherited)",
					"@executable_path/Frameworks",
				);
				MARKETING_VERSION = 1.0;
				PRODUCT_BUNDLE_IDENTIFIER = "James-Bennett.VolumeLimiter";
				PRODUCT_NAME = "$(TARGET_NAME)";
				SWIFT_EMIT_LOC_STRINGS = YES;
				SWIFT_VERSION = 5.0;
				TARGETED_DEVICE_FAMILY = "1,2";
			};
			name = Debug;
		};
		393AEA3D2C49F784002B027D /* Release */ = {
			isa = XCBuildConfiguration;
			buildSettings = {
				ASSETCATALOG_COMPILER_APPICON_NAME = AppIcon;
				ASSETCATALOG_COMPILER_GLOBAL_ACCENT_COLOR_NAME = AccentColor;
				CODE_SIGN_STYLE = Automatic;
				CURRENT_PROJECT_VERSION = 1;
				DEVELOPMENT_ASSET_PATHS = "\"VolumeLimiter/Preview Content\"";
				DEVELOPMENT_TEAM = 8GWZW877KF;
				ENABLE_PREVIEWS = YES;
				GENERATE_INFOPLIST_FILE = YES;
				INFOPLIST_KEY_UIApplicationSceneManifest_Generation = YES;
				INFOPLIST_KEY_UIApplicationSupportsIndirectInputEvents = YES;
				INFOPLIST_KEY_UILaunchScreen_Generation = YES;
				INFOPLIST_KEY_UISupportedInterfaceOrientations_iPad = "UIInterfaceOrientationPortrait UIInterfaceOrientationPortraitUpsideDown UIInterfaceOrientationLandscapeLeft UIInterfaceOrientationLandscapeRight";
				INFOPLIST_KEY_UISupportedInterfaceOrientations_iPhone = "UIInterfaceOrientationPortrait UIInterfaceOrientationLandscapeLeft UIInterfaceOrientationLandscapeRight";
				LD_RUNPATH_SEARCH_PATHS = (
					"$(inherited)",
					"@executable_path/Frameworks",
				);
				MARKETING_VERSION = 1.0;
				PRODUCT_BUNDLE_IDENTIFIER = "James-Bennett.VolumeLimiter";
				PRODUCT_NAME = "$(TARGET_NAME)";
				SWIFT_EMIT_LOC_STRINGS = YES;
				SWIFT_VERSION = 5.0;
				TARGETED_DEVICE_FAMILY = "1,2";
			};
			name = Release;
		};
		393AEA3F2C49F784002B027D /* Debug */ = {
			isa = XCBuildConfiguration;
			buildSettings = {
				ALWAYS_EMBED_SWIFT_STANDARD_LIBRARIES = YES;
				BUNDLE_LOADER = "$(TEST_HOST)";
				CODE_SIGN_STYLE = Automatic;
				CURRENT_PROJECT_VERSION = 1;
				DEVELOPMENT_TEAM = 8GWZW877KF;
				GENERATE_INFOPLIST_FILE = YES;
				IPHONEOS_DEPLOYMENT_TARGET = 17.5;
				MARKETING_VERSION = 1.0;
				PRODUCT_BUNDLE_IDENTIFIER = "James-Bennett.VolumeLimiterTests";
				PRODUCT_NAME = "$(TARGET_NAME)";
				SWIFT_EMIT_LOC_STRINGS = NO;
				SWIFT_VERSION = 5.0;
				TARGETED_DEVICE_FAMILY = "1,2";
				TEST_HOST = "$(BUILT_PRODUCTS_DIR)/VolumeLimiter.app/$(BUNDLE_EXECUTABLE_FOLDER_PATH)/VolumeLimiter";
			};
			name = Debug;
		};
		393AEA402C49F784002B027D /* Release */ = {
			isa = XCBuildConfiguration;
			buildSettings = {
				ALWAYS_EMBED_SWIFT_STANDARD_LIBRARIES = YES;
				BUNDLE_LOADER = "$(TEST_HOST)";
				CODE_SIGN_STYLE = Automatic;
				CURRENT_PROJECT_VERSION = 1;
				DEVELOPMENT_TEAM = 8GWZW877KF;
				GENERATE_INFOPLIST_FILE = YES;
				IPHONEOS_DEPLOYMENT_TARGET = 17.5;
				MARKETING_VERSION = 1.0;
				PRODUCT_BUNDLE_IDENTIFIER = "James-Bennett.VolumeLimiterTests";
				PRODUCT_NAME = "$(TARGET_NAME)";
				SWIFT_EMIT_LOC_STRINGS = NO;
				SWIFT_VERSION = 5.0;
				TARGETED_DEVICE_FAMILY = "1,2";
				TEST_HOST = "$(BUILT_PRODUCTS_DIR)/VolumeLimiter.app/$(BUNDLE_EXECUTABLE_FOLDER_PATH)/VolumeLimiter";
			};
			name = Release;
		};
		393AEA422C49F784002B027D /* Debug */ = {
			isa = XCBuildConfiguration;
			buildSettings = {
				ALWAYS_EMBED_SWIFT_STANDARD_LIBRARIES = YES;
				CODE_SIGN_STYLE = Automatic;
				CURRENT_PROJECT_VERSION = 1;
				DEVELOPMENT_TEAM = 8GWZW877KF;
				GENERATE_INFOPLIST_FILE = YES;
				MARKETING_VERSION = 1.0;
				PRODUCT_BUNDLE_IDENTIFIER = "James-Bennett.VolumeLimiterUITests";
				PRODUCT_NAME = "$(TARGET_NAME)";
				SWIFT_EMIT_LOC_STRINGS = NO;
				SWIFT_VERSION = 5.0;
				TARGETED_DEVICE_FAMILY = "1,2";
				TEST_TARGET_NAME = VolumeLimiter;
			};
			name = Debug;
		};
		393AEA432C49F784002B027D /* Release */ = {
			isa = XCBuildConfiguration;
			buildSettings = {
				ALWAYS_EMBED_SWIFT_STANDARD_LIBRARIES = YES;
				CODE_SIGN_STYLE = Automatic;
				CURRENT_PROJECT_VERSION = 1;
				DEVELOPMENT_TEAM = 8GWZW877KF;
				GENERATE_INFOPLIST_FILE = YES;
				MARKETING_VERSION = 1.0;
				PRODUCT_BUNDLE_IDENTIFIER = "James-Bennett.VolumeLimiterUITests";
				PRODUCT_NAME = "$(TARGET_NAME)";
				SWIFT_EMIT_LOC_STRINGS = NO;
				SWIFT_VERSION = 5.0;
				TARGETED_DEVICE_FAMILY = "1,2";
				TEST_TARGET_NAME = VolumeLimiter;
			};
			name = Release;
		};
/* End XCBuildConfiguration section */

/* Begin XCConfigurationList section */
		393AEA122C49F780002B027D /* Build configuration list for PBXProject "VolumeLimiter" */ = {
			isa = XCConfigurationList;
			buildConfigurations = (
				393AEA392C49F784002B027D /* Debug */,
				393AEA3A2C49F784002B027D /* Release */,
			);
			defaultConfigurationIsVisible = 0;
			defaultConfigurationName = Release;
		};
		393AEA3B2C49F784002B027D /* Build configuration list for PBXNativeTarget "VolumeLimiter" */ = {
			isa = XCConfigurationList;
			buildConfigurations = (
				393AEA3C2C49F784002B027D /* Debug */,
				393AEA3D2C49F784002B027D /* Release */,
			);
			defaultConfigurationIsVisible = 0;
			defaultConfigurationName = Release;
		};
		393AEA3E2C49F784002B027D /* Build configuration list for PBXNativeTarget "VolumeLimiterTests" */ = {
			isa = XCConfigurationList;
			buildConfigurations = (
				393AEA3F2C49F784002B027D /* Debug */,
				393AEA402C49F784002B027D /* Release */,
			);
			defaultConfigurationIsVisible = 0;
			defaultConfigurationName = Release;
		};
		393AEA412C49F784002B027D /* Build configuration list for PBXNativeTarget "VolumeLimiterUITests" */ = {
			isa = XCConfigurationList;
			buildConfigurations = (
				393AEA422C49F784002B027D /* Debug */,
				393AEA432C49F784002B027D /* Release */,
			);
			defaultConfigurationIsVisible = 0;
			defaultConfigurationName = Release;
		};
/* End XCConfigurationList section */
	};
	rootObject = 393AEA0F2C49F780002B027D /* Project object */;
}
